
Microsoft Visual Studio Solution File, Format Version 12.00
# Visual Studio Version 17
VisualStudioVersion = 17.2.32616.157
MinimumVisualStudioVersion = 10.0.40219.1
Project("{9A19103F-16F7-4668-BE54-9A1E7A4F7556}") = "VSCodeLauncher", "VSCodeLauncher\VSCodeLauncher.csproj", "{25F433B9-8A81-431B-B855-C5B15AE0BDBF}"
EndProject
Project("{9A19103F-16F7-4668-BE54-9A1E7A4F7556}") = "MonitorBrightness", "MonitorBrightness\MonitorBrightness.csproj", "{71C9E3CF-F375-4B67-B1A8-24BE480B2B5F}"
EndProject
Global
	GlobalSection(SolutionConfigurationPlatforms) = preSolution
		Debug|x64 = Debug|x64
		Release|x64 = Release|x64
	EndGlobalSection
	GlobalSection(ProjectConfigurationPlatforms) = postSolution
		{25F433B9-8A81-431B-B855-C5B15AE0BDBF}.Debug|x64.ActiveCfg = Debug|x64
		{25F433B9-8A81-431B-B855-C5B15AE0BDBF}.Debug|x64.Build.0 = Debug|x64
		{25F433B9-8A81-431B-B855-C5B15AE0BDBF}.Release|x64.ActiveCfg = Release|x64
		{25F433B9-8A81-431B-B855-C5B15AE0BDBF}.Release|x64.Build.0 = Release|x64
		{71C9E3CF-F375-4B67-B1A8-24BE480B2B5F}.Debug|x64.ActiveCfg = Debug|x64
		{71C9E3CF-F375-4B67-B1A8-24BE480B2B5F}.Debug|x64.Build.0 = Debug|x64
		{71C9E3CF-F375-4B67-B1A8-24BE480B2B5F}.Release|x64.ActiveCfg = Release|x64
		{71C9E3CF-F375-4B67-B1A8-24BE480B2B5F}.Release|x64.Build.0 = Release|x64
	EndGlobalSection
	GlobalSection(SolutionProperties) = preSolution
		HideSolutionNode = FALSE
	EndGlobalSection
	GlobalSection(ExtensibilityGlobals) = postSolution
		SolutionGuid = {A66C408E-3849-4005-BB17-59A4496BC497}
	EndGlobalSection
EndGlobal
